// !$*UTF8*$!
{
	archiveVersion = 1;
	classes = {
	};
	objectVersion = 50;
	objects = {

/* Begin PBXBuildFile section */
		E756BE482553FC6400896BD7 /* AppDelegate.swift in Sources */ = {isa = PBXBuildFile; fileRef = E756BE472553FC6400896BD7 /* AppDelegate.swift */; };
		E756BE4A2553FC6400896BD7 /* SceneDelegate.swift in Sources */ = {isa = PBXBuildFile; fileRef = E756BE492553FC6400896BD7 /* SceneDelegate.swift */; };
		E756BE4C2553FC6400896BD7 /* ViewController.swift in Sources */ = {isa = PBXBuildFile; fileRef = E756BE4B2553FC6400896BD7 /* ViewController.swift */; };
		E756BE4F2553FC6400896BD7 /* Main.storyboard in Resources */ = {isa = PBXBuildFile; fileRef = E756BE4D2553FC6400896BD7 /* Main.storyboard */; };
		E756BE512553FC6800896BD7 /* Assets.xcassets in Resources */ = {isa = PBXBuildFile; fileRef = E756BE502553FC6800896BD7 /* Assets.xcassets */; };
		E756BE542553FC6800896BD7 /* LaunchScreen.storyboard in Resources */ = {isa = PBXBuildFile; fileRef = E756BE522553FC6800896BD7 /* LaunchScreen.storyboard */; };
		E756BE6025540B2400896BD7 /* NewItemViewController.swift in Sources */ = {isa = PBXBuildFile; fileRef = E756BE5F25540B2400896BD7 /* NewItemViewController.swift */; };
		E756BE692554198F00896BD7 /* model.swift in Sources */ = {isa = PBXBuildFile; fileRef = E756BE682554198F00896BD7 /* model.swift */; };
/* End PBXBuildFile section */

/* Begin PBXFileReference section */
		E756BE442553FC6400896BD7 /* ToDoIt.app */ = {isa = PBXFileReference; explicitFileType = wrapper.application; includeInIndex = 0; path = ToDoIt.app; sourceTree = BUILT_PRODUCTS_DIR; };
		E756BE472553FC6400896BD7 /* AppDelegate.swift */ = {isa = PBXFileReference; lastKnownFileType = sourcecode.swift; path = AppDelegate.swift; sourceTree = "<group>"; };
		E756BE492553FC6400896BD7 /* SceneDelegate.swift */ = {isa = PBXFileReference; lastKnownFileType = sourcecode.swift; path = SceneDelegate.swift; sourceTree = "<group>"; };
		E756BE4B2553FC6400896BD7 /* ViewController.swift */ = {isa = PBXFileReference; lastKnownFileType = sourcecode.swift; path = ViewController.swift; sourceTree = "<group>"; };
		E756BE4E2553FC6400896BD7 /* Base */ = {isa = PBXFileReference; lastKnownFileType = file.storyboard; name = Base; path = Base.lproj/Main.storyboard; sourceTree = "<group>"; };
		E756BE502553FC6800896BD7 /* Assets.xcassets */ = {isa = PBXFileReference; lastKnownFileType = folder.assetcatalog; path = Assets.xcassets; sourceTree = "<group>"; };
		E756BE532553FC6800896BD7 /* Base */ = {isa = PBXFileReference; lastKnownFileType = file.storyboard; name = Base; path = Base.lproj/LaunchScreen.storyboard; sourceTree = "<group>"; };
		E756BE552553FC6800896BD7 /* Info.plist */ = {isa = PBXFileReference; lastKnownFileType = text.plist.xml; path = Info.plist; sourceTree = "<group>"; };
		E756BE5F25540B2400896BD7 /* NewItemViewController.swift */ = {isa = PBXFileReference; lastKnownFileType = sourcecode.swift; path = NewItemViewController.swift; sourceTree = "<group>"; };
		E756BE682554198F00896BD7 /* model.swift */ = {isa = PBXFileReference; lastKnownFileType = sourcecode.swift; path = model.swift; sourceTree = "<group>"; };
/* End PBXFileReference section */

/* Begin PBXFrameworksBuildPhase section */
		E756BE412553FC6400896BD7 /* Frameworks */ = {
			isa = PBXFrameworksBuildPhase;
			buildActionMask = 2147483647;
			files = (
			);
			runOnlyForDeploymentPostprocessing = 0;
		};
/* End PBXFrameworksBuildPhase section */

/* Begin PBXGroup section */
		E756BE3B2553FC6400896BD7 = {
			isa = PBXGroup;
			children = (
				E756BE462553FC6400896BD7 /* ToDoIt */,
				E756BE452553FC6400896BD7 /* Products */,
			);
			sourceTree = "<group>";
		};
		E756BE452553FC6400896BD7 /* Products */ = {
			isa = PBXGroup;
			children = (
				E756BE442553FC6400896BD7 /* ToDoIt.app */,
			);
			name = Products;
			sourceTree = "<group>";
		};
		E756BE462553FC6400896BD7 /* ToDoIt */ = {
			isa = PBXGroup;
			children = (
				E756BE472553FC6400896BD7 /* AppDelegate.swift */,
				E756BE492553FC6400896BD7 /* SceneDelegate.swift */,
				E756BE4B2553FC6400896BD7 /* ViewController.swift */,
				E756BE682554198F00896BD7 /* model.swift */,
				E756BE4D2553FC6400896BD7 /* Main.storyboard */,
				E756BE5F25540B2400896BD7 /* NewItemViewController.swift */,
				E756BE502553FC6800896BD7 /* Assets.xcassets */,
				E756BE522553FC6800896BD7 /* LaunchScreen.storyboard */,
				E756BE552553FC6800896BD7 /* Info.plist */,
			);
			path = ToDoIt;
			sourceTree = "<group>";
		};
/* End PBXGroup section */

/* Begin PBXNativeTarget section */
		E756BE432553FC6400896BD7 /* ToDoIt */ = {
			isa = PBXNativeTarget;
			buildConfigurationList = E756BE582553FC6800896BD7 /* Build configuration list for PBXNativeTarget "ToDoIt" */;
			buildPhases = (
				E756BE402553FC6400896BD7 /* Sources */,
				E756BE412553FC6400896BD7 /* Frameworks */,
				E756BE422553FC6400896BD7 /* Resources */,
			);
			buildRules = (
			);
			dependencies = (
			);
			name = ToDoIt;
			productName = ToDoIt;
			productReference = E756BE442553FC6400896BD7 /* ToDoIt.app */;
			productType = "com.apple.product-type.application";
		};
/* End PBXNativeTarget section */

/* Begin PBXProject section */
		E756BE3C2553FC6400896BD7 /* Project object */ = {
			isa = PBXProject;
			attributes = {
				LastSwiftUpdateCheck = 1210;
				LastUpgradeCheck = 1210;
				TargetAttributes = {
					E756BE432553FC6400896BD7 = {
						CreatedOnToolsVersion = 12.1;
					};
				};
			};
			buildConfigurationList = E756BE3F2553FC6400896BD7 /* Build configuration list for PBXProject "ToDoIt" */;
			compatibilityVersion = "Xcode 9.3";
			developmentRegion = en;
			hasScannedForEncodings = 0;
			knownRegions = (
				en,
				Base,
			);
			mainGroup = E756BE3B2553FC6400896BD7;
			productRefGroup = E756BE452553FC6400896BD7 /* Products */;
			projectDirPath = "";
			projectRoot = "";
			targets = (
				E756BE432553FC6400896BD7 /* ToDoIt */,
			);
		};
/* End PBXProject section */

/* Begin PBXResourcesBuildPhase section */
		E756BE422553FC6400896BD7 /* Resources */ = {
			isa = PBXResourcesBuildPhase;
			buildActionMask = 2147483647;
			files = (
				E756BE542553FC6800896BD7 /* LaunchScreen.storyboard in Resources */,
				E756BE512553FC6800896BD7 /* Assets.xcassets in Resources */,
				E756BE4F2553FC6400896BD7 /* Main.storyboard in Resources */,
			);
			runOnlyForDeploymentPostprocessing = 0;
		};
/* End PBXResourcesBuildPhase section */

/* Begin PBXSourcesBuildPhase section */
		E756BE402553FC6400896BD7 /* Sources */ = {
			isa = PBXSourcesBuildPhase;
			buildActionMask = 2147483647;
			files = (
				E756BE692554198F00896BD7 /* model.swift in Sources */,
				E756BE4C2553FC6400896BD7 /* ViewController.swift in Sources */,
				E756BE6025540B2400896BD7 /* NewItemViewController.swift in Sources */,
				E756BE482553FC6400896BD7 /* AppDelegate.swift in Sources */,
				E756BE4A2553FC6400896BD7 /* SceneDelegate.swift in Sources */,
			);
			runOnlyForDeploymentPostprocessing = 0;
		};
/* End PBXSourcesBuildPhase section */

/* Begin PBXVariantGroup section */
		E756BE4D2553FC6400896BD7 /* Main.storyboard */ = {
			isa = PBXVariantGroup;
			children = (
				E756BE4E2553FC6400896BD7 /* Base */,
			);
			name = Main.storyboard;
			sourceTree = "<group>";
		};
		E756BE522553FC6800896BD7 /* LaunchScreen.storyboard */ = {
			isa = PBXVariantGroup;
			children = (
				E756BE532553FC6800896BD7 /* Base */,
			);
			name = LaunchScreen.storyboard;
			sourceTree = "<group>";
		};
/* End PBXVariantGroup section */

/* Begin XCBuildConfiguration section */
		E756BE562553FC6800896BD7 /* Debug */ = {
			isa = XCBuildConfiguration;
			buildSettings = {
				ALWAYS_SEARCH_USER_PATHS = NO;
				CLANG_ANALYZER_NONNULL = YES;
				CLANG_ANALYZER_NUMBER_OBJECT_CONVERSION = YES_AGGRESSIVE;
				CLANG_CXX_LANGUAGE_STANDARD = "gnu++14";
				CLANG_CXX_LIBRARY = "libc++";
				CLANG_ENABLE_MODULES = YES;
				CLANG_ENABLE_OBJC_ARC = YES;
				CLANG_ENABLE_OBJC_WEAK = YES;
				CLANG_WARN_BLOCK_CAPTURE_AUTORELEASING = YES;
				CLANG_WARN_BOOL_CONVERSION = YES;
				CLANG_WARN_COMMA = YES;
				CLANG_WARN_CONSTANT_CONVERSION = YES;
				CLANG_WARN_DEPRECATED_OBJC_IMPLEMENTATIONS = YES;
				CLANG_WARN_DIRECT_OBJC_ISA_USAGE = YES_ERROR;
				CLANG_WARN_DOCUMENTATION_COMMENTS = YES;
				CLANG_WARN_EMPTY_BODY = YES;
				CLANG_WARN_ENUM_CONVERSION = YES;
				CLANG_WARN_INFINITE_RECURSION = YES;
				CLANG_WARN_INT_CONVERSION = YES;
				CLANG_WARN_NON_LITERAL_NULL_CONVERSION = YES;
				CLANG_WARN_OBJC_IMPLICIT_RETAIN_SELF = YES;
				CLANG_WARN_OBJC_LITERAL_CONVERSION = YES;
				CLANG_WARN_OBJC_ROOT_CLASS = YES_ERROR;
				CLANG_WARN_QUOTED_INCLUDE_IN_FRAMEWORK_HEADER = YES;
				CLANG_WARN_RANGE_LOOP_ANALYSIS = YES;
				CLANG_WARN_STRICT_PROTOTYPES = YES;
				CLANG_WARN_SUSPICIOUS_MOVE = YES;
				CLANG_WARN_UNGUARDED_AVAILABILITY = YES_AGGRESSIVE;
				CLANG_WARN_UNREACHABLE_CODE = YES;
				CLANG_WARN__DUPLICATE_METHOD_MATCH = YES;
				COPY_PHASE_STRIP = NO;
				DEBUG_INFORMATION_FORMAT = dwarf;
				ENABLE_STRICT_OBJC_MSGSEND = YES;
				ENABLE_TESTABILITY = YES;
				GCC_C_LANGUAGE_STANDARD = gnu11;
				GCC_DYNAMIC_NO_PIC = NO;
				GCC_NO_COMMON_BLOCKS = YES;
				GCC_OPTIMIZATION_LEVEL = 0;
				GCC_PREPROCESSOR_DEFINITIONS = (
					"DEBUG=1",
					"$(inherited)",
				);
				GCC_WARN_64_TO_32_BIT_CONVERSION = YES;
				GCC_WARN_ABOUT_RETURN_TYPE = YES_ERROR;
				GCC_WARN_UNDECLARED_SELECTOR = YES;
				GCC_WARN_UNINITIALIZED_AUTOS = YES_AGGRESSIVE;
				GCC_WARN_UNUSED_FUNCTION = YES;
				GCC_WARN_UNUSED_VARIABLE = YES;
				IPHONEOS_DEPLOYMENT_TARGET = 14.1;
				MTL_ENABLE_DEBUG_INFO = INCLUDE_SOURCE;
				MTL_FAST_MATH = YES;
				ONLY_ACTIVE_ARCH = YES;
				SDKROOT = iphoneos;
				SWIFT_ACTIVE_COMPILATION_CONDITIONS = DEBUG;
				SWIFT_OPTIMIZATION_LEVEL = "-Onone";
			};
			name = Debug;
		};
		E756BE572553FC6800896BD7 /* Release */ = {
			isa = XCBuildConfiguration;
			buildSettings = {
				ALWAYS_SEARCH_USER_PATHS = NO;
				CLANG_ANALYZER_NONNULL = YES;
				CLANG_ANALYZER_NUMBER_OBJECT_CONVERSION = YES_AGGRESSIVE;
				CLANG_CXX_LANGUAGE_STANDARD = "gnu++14";
				CLANG_CXX_LIBRARY = "libc++";
				CLANG_ENABLE_MODULES = YES;
				CLANG_ENABLE_OBJC_ARC = YES;
				CLANG_ENABLE_OBJC_WEAK = YES;
				CLANG_WARN_BLOCK_CAPTURE_AUTORELEASING = YES;
				CLANG_WARN_BOOL_CONVERSION = YES;
				CLANG_WARN_COMMA = YES;
				CLANG_WARN_CONSTANT_CONVERSION = YES;
				CLANG_WARN_DEPRECATED_OBJC_IMPLEMENTATIONS = YES;
				CLANG_WARN_DIRECT_OBJC_ISA_USAGE = YES_ERROR;
				CLANG_WARN_DOCUMENTATION_COMMENTS = YES;
				CLANG_WARN_EMPTY_BODY = YES;
				CLANG_WARN_ENUM_CONVERSION = YES;
				CLANG_WARN_INFINITE_RECURSION = YES;
				CLANG_WARN_INT_CONVERSION = YES;
				CLANG_WARN_NON_LITERAL_NULL_CONVERSION = YES;
				CLANG_WARN_OBJC_IMPLICIT_RETAIN_SELF = YES;
				CLANG_WARN_OBJC_LITERAL_CONVERSION = YES;
				CLANG_WARN_OBJC_ROOT_CLASS = YES_ERROR;
				CLANG_WARN_QUOTED_INCLUDE_IN_FRAMEWORK_HEADER = YES;
				CLANG_WARN_RANGE_LOOP_ANALYSIS = YES;
				CLANG_WARN_STRICT_PROTOTYPES = YES;
				CLANG_WARN_SUSPICIOUS_MOVE = YES;
				CLANG_WARN_UNGUARDED_AVAILABILITY = YES_AGGRESSIVE;
				CLANG_WARN_UNREACHABLE_CODE = YES;
				CLANG_WARN__DUPLICATE_METHOD_MATCH = YES;
				COPY_PHASE_STRIP = NO;
				DEBUG_INFORMATION_FORMAT = "dwarf-with-dsym";
				ENABLE_NS_ASSERTIONS = NO;
				ENABLE_STRICT_OBJC_MSGSEND = YES;
				GCC_C_LANGUAGE_STANDARD = gnu11;
				GCC_NO_COMMON_BLOCKS = YES;
				GCC_WARN_64_TO_32_BIT_CONVERSION = YES;
				GCC_WARN_ABOUT_RETURN_TYPE = YES_ERROR;
				GCC_WARN_UNDECLARED_SELECTOR = YES;
				GCC_WARN_UNINITIALIZED_AUTOS = YES_AGGRESSIVE;
				GCC_WARN_UNUSED_FUNCTION = YES;
				GCC_WARN_UNUSED_VARIABLE = YES;
				IPHONEOS_DEPLOYMENT_TARGET = 14.1;
				MTL_ENABLE_DEBUG_INFO = NO;
				MTL_FAST_MATH = YES;
				SDKROOT = iphoneos;
				SWIFT_COMPILATION_MODE = wholemodule;
				SWIFT_OPTIMIZATION_LEVEL = "-O";
				VALIDATE_PRODUCT = YES;
			};
			name = Release;
		};
		E756BE592553FC6800896BD7 /* Debug */ = {
			isa = XCBuildConfiguration;
			buildSettings = {
				ASSETCATALOG_COMPILER_APPICON_NAME = AppIcon;
				ASSETCATALOG_COMPILER_GLOBAL_ACCENT_COLOR_NAME = AccentColor;
				CODE_SIGN_STYLE = Automatic;
				DEVELOPMENT_TEAM = 35VQYXQGSS;
				INFOPLIST_FILE = ToDoIt/Info.plist;
				LD_RUNPATH_SEARCH_PATHS = (
					"$(inherited)",
					"@executable_path/Frameworks",
				);
				PRODUCT_BUNDLE_IDENTIFIER = B2Aimukambetov.ToDoIt;
				PRODUCT_NAME = "$(TARGET_NAME)";
				SWIFT_VERSION = 5.0;
				TARGETED_DEVICE_FAMILY = "1,2";
			};
			name = Debug;
		};
		E756BE5A2553FC6800896BD7 /* Release */ = {
			isa = XCBuildConfiguration;
			buildSettings = {
				ASSETCATALOG_COMPILER_APPICON_NAME = AppIcon;
				ASSETCATALOG_COMPILER_GLOBAL_ACCENT_COLOR_NAME = AccentColor;
				CODE_SIGN_STYLE = Automatic;
				DEVELOPMENT_TEAM = 35VQYXQGSS;
				INFOPLIST_FILE = ToDoIt/Info.plist;
				LD_RUNPATH_SEARCH_PATHS = (
					"$(inherited)",
					"@executable_path/Frameworks",
				);
				PRODUCT_BUNDLE_IDENTIFIER = B2Aimukambetov.ToDoIt;
				PRODUCT_NAME = "$(TARGET_NAME)";
				SWIFT_VERSION = 5.0;
				TARGETED_DEVICE_FAMILY = "1,2";
			};
			name = Release;
		};
/* End XCBuildConfiguration section */

/* Begin XCConfigurationList section */
		E756BE3F2553FC6400896BD7 /* Build configuration list for PBXProject "ToDoIt" */ = {
			isa = XCConfigurationList;
			buildConfigurations = (
				E756BE562553FC6800896BD7 /* Debug */,
				E756BE572553FC6800896BD7 /* Release */,
			);
			defaultConfigurationIsVisible = 0;
			defaultConfigurationName = Release;
		};
		E756BE582553FC6800896BD7 /* Build configuration list for PBXNativeTarget "ToDoIt" */ = {
			isa = XCConfigurationList;
			buildConfigurations = (
				E756BE592553FC6800896BD7 /* Debug */,
				E756BE5A2553FC6800896BD7 /* Release */,
			);
			defaultConfigurationIsVisible = 0;
			defaultConfigurationName = Release;
		};
/* End XCConfigurationList section */
	};
	rootObject = E756BE3C2553FC6400896BD7 /* Project object */;
}
